{
  "version": 4,
  "terraform_version": "1.0.11",
  "serial": 179,
  "lineage": "7139d843-23e4-b485-dc5c-17fc5cbfc7e3",
  "outputs": {
    "instance_hostnames": {
      "value": [
        "ns1.dylanlab.xyz",
        "ns2.dylanlab.xyz"
      ],
      "type": [
        "tuple",
        [
          "string",
          "string"
        ]
      ]
    },
    "instance_ipv4_addresses": {
      "value": [
        [],
        []
      ],
      "type": [
        "tuple",
        [
          [
            "list",
            "string"
          ],
          [
            "list",
            "string"
          ]
        ]
      ]
    }
  },
  "resources": [
    {
      "mode": "data",
      "type": "xenorchestra_network",
      "name": "network",
      "provider": "provider[\"registry.terraform.io/terra-farm/xenorchestra\"]",
      "instances": [
        {
          "schema_version": 0,
          "attributes": {
            "bridge": "xapi1",
            "id": "a19bfa38-95df-4e30-5d06-76877f0bb3d2",
            "name_label": "50 - ShopNet",
            "pool_id": "ba902d91-787b-ee8b-cc59-a9469c85020e"
          },
          "sensitive_attributes": []
        }
      ]
    },
    {
      "mode": "data",
      "type": "xenorchestra_pool",
      "name": "pool",
      "provider": "provider[\"registry.terraform.io/terra-farm/xenorchestra\"]",
      "instances": [
        {
          "schema_version": 0,
          "attributes": {
            "cpus": {
              "cores": "24",
              "sockets": "2"
            },
            "description": "",
            "id": "ba902d91-787b-ee8b-cc59-a9469c85020e",
            "master": "136f9c9d-01ef-4351-8920-ab542eff785d",
            "name_label": "xcp-ng-01"
          },
          "sensitive_attributes": []
        }
      ]
    },
    {
      "mode": "data",
      "type": "xenorchestra_sr",
      "name": "sr",
      "provider": "provider[\"registry.terraform.io/terra-farm/xenorchestra\"]",
      "instances": [
        {
          "schema_version": 0,
          "attributes": {
            "container": "136f9c9d-01ef-4351-8920-ab542eff785d",
            "id": "e5ded8fd-b11a-7554-5983-5dcb1442a07d",
            "name_label": "Local storage",
            "physical_usage": 766123180032,
            "pool_id": "ba902d91-787b-ee8b-cc59-a9469c85020e",
            "size": 955076575232,
            "sr_type": "lvm",
            "tags": null,
            "usage": 801095286784,
            "uuid": "e5ded8fd-b11a-7554-5983-5dcb1442a07d"
          },
          "sensitive_attributes": []
        }
      ]
    },
    {
      "mode": "data",
      "type": "xenorchestra_template",
      "name": "vm_template",
      "provider": "provider[\"registry.terraform.io/terra-farm/xenorchestra\"]",
      "instances": [
        {
          "schema_version": 0,
          "attributes": {
            "id": "ec359a2f-d663-b80c-7209-908d3c0ea0f6",
            "name_label": "ubuntu-focal-20.04-cloudimg-20211202",
            "pool_id": null,
            "uuid": "ec359a2f-d663-b80c-7209-908d3c0ea0f6"
          },
          "sensitive_attributes": []
        }
      ]
    },
    {
      "mode": "managed",
      "type": "xenorchestra_cloud_config",
      "name": "cloud_config",
      "provider": "provider[\"registry.terraform.io/terra-farm/xenorchestra\"]",
      "instances": [
        {
          "index_key": 0,
          "schema_version": 0,
          "attributes": {
            "id": "c90e9d8e-3a49-406a-8571-d7b9a31a5116",
            "name": "DNS Cloud Config",
            "template": "#cloud-config\nhostname: ns1.dylanlab.xyz\nusers:\n  - name: dylan\n    gecos: dylan\n    shell: /bin/bash\n    sudo: ALL=(ALL) NOPASSWD:ALL\n    ssh_authorized_keys:\n      - ssh-rsa AAAAB3NzaC1yc2EAAAABJQAAAQEAjRyCiSlLDZZNhJMsXKm9A7nJEizqKoQQbuGxmEiVC/r4cHOr3HQ93ZOi0BcWNXEMk6Yyu8mDXgU5g1n3nxhV2hNYy+nToOZ5IcZFgwMnQC1p1wwZvCgm2c7cfouNzzXaWDTFFY2/hxyXnqLkkYUrqOH4ioF4Huc1lVMNmcLa5OQx7AjtrZGcP2+6bejJ8mICI/M8E/PVVbRQGpbDnBvz6hliTIVn/HSCVTdmp17xkh7SG5HkQNexkt4yoxn2kPaqX8+gJBrikuznssx7vbHu+KIUM07qCcd4i1a3RHnWCKyKPxp77SNIdJady/dHw/1LDq5iklv31++g0liqedvM+Q== dylanlab-default\n  - name: ansible\n    gecos: ansible\n    shell: /bin/bash\n    sudo: ALL=(ALL) NOPASSWD:ALL\n    ssh_authorized_keys:\n      - ssh-rsa AAAAB3NzaC1yc2EAAAABJQAAAQEAjz9uz2IbadktoZ2y/ICGxWivendwLHHw3xS+24PUYPxlvdvKlJmTt4IWsTVsrt8y0Ne662MZwVnVxXaRZbT4K6Hwsl0qWQiJce2Zr6tnD3ydD76mECs8LQOhDhyS7d7kFtrSb9HbHClZEpVADN17D2jTMux271KjlmkUIhaEQzIJ97ONRhBGP/bSNySw+ybZM8wvLEf5KPDwSiX1mxhZVqVxl2p1ZxvlxHsYSwpgmdxWRVhplRXCzs8nA4P4DKIdp4tokimlZy3uYffsrN2AM1XPFeDF8kjMXD5EwAiRjpj3kCp1fEv+8AFdud8bW9PvM3IzMkJnCNyA2wzGRyhuVw== ansible-user\n\npackages:\n  - xe-guest-utilities\n"
          },
          "sensitive_attributes": [],
          "private": "bnVsbA=="
        },
        {
          "index_key": 1,
          "schema_version": 0,
          "attributes": {
            "id": "bdd163dc-229a-48f1-8b5b-429310ab71cd",
            "name": "DNS Cloud Config",
            "template": "#cloud-config\nhostname: ns2.dylanlab.xyz\nusers:\n  - name: dylan\n    gecos: dylan\n    shell: /bin/bash\n    sudo: ALL=(ALL) NOPASSWD:ALL\n    ssh_authorized_keys:\n      - ssh-rsa AAAAB3NzaC1yc2EAAAABJQAAAQEAjRyCiSlLDZZNhJMsXKm9A7nJEizqKoQQbuGxmEiVC/r4cHOr3HQ93ZOi0BcWNXEMk6Yyu8mDXgU5g1n3nxhV2hNYy+nToOZ5IcZFgwMnQC1p1wwZvCgm2c7cfouNzzXaWDTFFY2/hxyXnqLkkYUrqOH4ioF4Huc1lVMNmcLa5OQx7AjtrZGcP2+6bejJ8mICI/M8E/PVVbRQGpbDnBvz6hliTIVn/HSCVTdmp17xkh7SG5HkQNexkt4yoxn2kPaqX8+gJBrikuznssx7vbHu+KIUM07qCcd4i1a3RHnWCKyKPxp77SNIdJady/dHw/1LDq5iklv31++g0liqedvM+Q== dylanlab-default\n  - name: ansible\n    gecos: ansible\n    shell: /bin/bash\n    sudo: ALL=(ALL) NOPASSWD:ALL\n    ssh_authorized_keys:\n      - ssh-rsa AAAAB3NzaC1yc2EAAAABJQAAAQEAjz9uz2IbadktoZ2y/ICGxWivendwLHHw3xS+24PUYPxlvdvKlJmTt4IWsTVsrt8y0Ne662MZwVnVxXaRZbT4K6Hwsl0qWQiJce2Zr6tnD3ydD76mECs8LQOhDhyS7d7kFtrSb9HbHClZEpVADN17D2jTMux271KjlmkUIhaEQzIJ97ONRhBGP/bSNySw+ybZM8wvLEf5KPDwSiX1mxhZVqVxl2p1ZxvlxHsYSwpgmdxWRVhplRXCzs8nA4P4DKIdp4tokimlZy3uYffsrN2AM1XPFeDF8kjMXD5EwAiRjpj3kCp1fEv+8AFdud8bW9PvM3IzMkJnCNyA2wzGRyhuVw== ansible-user\n\npackages:\n  - xe-guest-utilities\n"
          },
          "sensitive_attributes": [],
          "private": "bnVsbA=="
        }
      ]
    },
    {
      "mode": "managed",
      "type": "xenorchestra_cloud_config",
      "name": "cloud_network_config",
      "provider": "provider[\"registry.terraform.io/terra-farm/xenorchestra\"]",
      "instances": [
        {
          "index_key": 0,
          "schema_version": 0,
          "attributes": {
            "id": "32389c2e-9ac9-49ce-9e3d-3affc9f3cbbb",
            "name": "DNS Cloud Config",
            "template": "network:\n  version: 1\n  config:\n    - type: physical\n      name: eth0\n      subnets:\n        - type: static\n          address: 10.0.20.5/24\n          gateway: 10.0.20.1\n          dns_nameservers:\n            - 10.0.20.1\n            - 8.8.8.8\n            - 8.8.4.4\n          dns_search:\n            - dylanlab.xyz\n\n"
          },
          "sensitive_attributes": [],
          "private": "bnVsbA=="
        },
        {
          "index_key": 1,
          "schema_version": 0,
          "attributes": {
            "id": "a7cb8c2d-0c7f-4de9-94d3-82451641858d",
            "name": "DNS Cloud Config",
            "template": "network:\n  version: 1\n  config:\n    - type: physical\n      name: eth0\n      subnets:\n        - type: static\n          address: 10.0.20.6/24\n          gateway: 10.0.20.1\n          dns_nameservers:\n            - 10.0.20.1\n            - 8.8.8.8\n            - 8.8.4.4\n          dns_search:\n            - dylanlab.xyz\n\n"
          },
          "sensitive_attributes": [],
          "private": "bnVsbA=="
        }
      ]
    },
    {
      "mode": "managed",
      "type": "xenorchestra_vm",
      "name": "server",
      "provider": "provider[\"registry.terraform.io/terra-farm/xenorchestra\"]",
      "instances": [
        {
          "index_key": 0,
          "schema_version": 0,
          "attributes": {
            "affinity_host": "",
            "auto_poweron": false,
            "cdrom": [],
            "cloud_config": "#cloud-config\nhostname: ns1.dylanlab.xyz\nusers:\n  - name: dylan\n    gecos: dylan\n    shell: /bin/bash\n    sudo: ALL=(ALL) NOPASSWD:ALL\n    ssh_authorized_keys:\n      - ssh-rsa AAAAB3NzaC1yc2EAAAABJQAAAQEAjRyCiSlLDZZNhJMsXKm9A7nJEizqKoQQbuGxmEiVC/r4cHOr3HQ93ZOi0BcWNXEMk6Yyu8mDXgU5g1n3nxhV2hNYy+nToOZ5IcZFgwMnQC1p1wwZvCgm2c7cfouNzzXaWDTFFY2/hxyXnqLkkYUrqOH4ioF4Huc1lVMNmcLa5OQx7AjtrZGcP2+6bejJ8mICI/M8E/PVVbRQGpbDnBvz6hliTIVn/HSCVTdmp17xkh7SG5HkQNexkt4yoxn2kPaqX8+gJBrikuznssx7vbHu+KIUM07qCcd4i1a3RHnWCKyKPxp77SNIdJady/dHw/1LDq5iklv31++g0liqedvM+Q== dylanlab-default\n  - name: ansible\n    gecos: ansible\n    shell: /bin/bash\n    sudo: ALL=(ALL) NOPASSWD:ALL\n    ssh_authorized_keys:\n      - ssh-rsa AAAAB3NzaC1yc2EAAAABJQAAAQEAjz9uz2IbadktoZ2y/ICGxWivendwLHHw3xS+24PUYPxlvdvKlJmTt4IWsTVsrt8y0Ne662MZwVnVxXaRZbT4K6Hwsl0qWQiJce2Zr6tnD3ydD76mECs8LQOhDhyS7d7kFtrSb9HbHClZEpVADN17D2jTMux271KjlmkUIhaEQzIJ97ONRhBGP/bSNySw+ybZM8wvLEf5KPDwSiX1mxhZVqVxl2p1ZxvlxHsYSwpgmdxWRVhplRXCzs8nA4P4DKIdp4tokimlZy3uYffsrN2AM1XPFeDF8kjMXD5EwAiRjpj3kCp1fEv+8AFdud8bW9PvM3IzMkJnCNyA2wzGRyhuVw== ansible-user\n\npackages:\n  - xe-guest-utilities\n",
            "cloud_network_config": "network:\n  version: 1\n  config:\n    - type: physical\n      name: eth0\n      subnets:\n        - type: static\n          address: 10.0.20.5/24\n          gateway: 10.0.20.1\n          dns_nameservers:\n            - 10.0.20.1\n            - 8.8.8.8\n            - 8.8.4.4\n          dns_search:\n            - dylanlab.xyz\n\n",
            "core_os": false,
            "cpu_cap": 0,
            "cpu_weight": 0,
            "cpus": 2,
            "disk": [
              {
                "attached": true,
                "name_description": "",
                "name_label": "ns1.dylanlab.xyz",
                "position": "0",
                "size": 50214207488,
                "sr_id": "e5ded8fd-b11a-7554-5983-5dcb1442a07d",
                "vbd_id": "ef9b6125-368d-8949-7387-73a85d7700d9",
                "vdi_id": "2802dbbb-a2b7-4a4d-8db0-63a073430478"
              }
            ],
            "high_availability": "",
            "id": "94743bfd-5f9f-18b9-a7e3-83290eefee7d",
            "installation_method": null,
            "ipv4_addresses": [],
            "ipv6_addresses": [],
            "memory_max": 4294967296,
            "name_description": "",
            "name_label": "ns1.dylanlab.xyz",
            "network": [
              {
                "attached": true,
                "device": "0",
                "ipv4_addresses": [],
                "ipv6_addresses": [],
                "mac_address": "76:e8:dc:ce:2b:d3",
                "network_id": "a19bfa38-95df-4e30-5d06-76877f0bb3d2"
              }
            ],
            "power_state": "Running",
            "resource_set": "",
            "tags": null,
            "template": "ec359a2f-d663-b80c-7209-908d3c0ea0f6",
            "timeouts": null,
            "wait_for_ip": false
          },
          "sensitive_attributes": [],
          "private": "eyJlMmJmYjczMC1lY2FhLTExZTYtOGY4OC0zNDM2M2JjN2M0YzAiOnsiY3JlYXRlIjozMDAwMDAwMDAwMDAsImRlbGV0ZSI6MzAwMDAwMDAwMDAwLCJ1cGRhdGUiOjMwMDAwMDAwMDAwMH19",
          "dependencies": [
            "data.xenorchestra_network.network",
            "data.xenorchestra_sr.sr",
            "data.xenorchestra_template.vm_template",
            "xenorchestra_cloud_config.cloud_config",
            "xenorchestra_cloud_config.cloud_network_config"
          ]
        },
        {
          "index_key": 1,
          "schema_version": 0,
          "attributes": {
            "affinity_host": "",
            "auto_poweron": false,
            "cdrom": [],
            "cloud_config": "#cloud-config\nhostname: ns2.dylanlab.xyz\nusers:\n  - name: dylan\n    gecos: dylan\n    shell: /bin/bash\n    sudo: ALL=(ALL) NOPASSWD:ALL\n    ssh_authorized_keys:\n      - ssh-rsa AAAAB3NzaC1yc2EAAAABJQAAAQEAjRyCiSlLDZZNhJMsXKm9A7nJEizqKoQQbuGxmEiVC/r4cHOr3HQ93ZOi0BcWNXEMk6Yyu8mDXgU5g1n3nxhV2hNYy+nToOZ5IcZFgwMnQC1p1wwZvCgm2c7cfouNzzXaWDTFFY2/hxyXnqLkkYUrqOH4ioF4Huc1lVMNmcLa5OQx7AjtrZGcP2+6bejJ8mICI/M8E/PVVbRQGpbDnBvz6hliTIVn/HSCVTdmp17xkh7SG5HkQNexkt4yoxn2kPaqX8+gJBrikuznssx7vbHu+KIUM07qCcd4i1a3RHnWCKyKPxp77SNIdJady/dHw/1LDq5iklv31++g0liqedvM+Q== dylanlab-default\n  - name: ansible\n    gecos: ansible\n    shell: /bin/bash\n    sudo: ALL=(ALL) NOPASSWD:ALL\n    ssh_authorized_keys:\n      - ssh-rsa AAAAB3NzaC1yc2EAAAABJQAAAQEAjz9uz2IbadktoZ2y/ICGxWivendwLHHw3xS+24PUYPxlvdvKlJmTt4IWsTVsrt8y0Ne662MZwVnVxXaRZbT4K6Hwsl0qWQiJce2Zr6tnD3ydD76mECs8LQOhDhyS7d7kFtrSb9HbHClZEpVADN17D2jTMux271KjlmkUIhaEQzIJ97ONRhBGP/bSNySw+ybZM8wvLEf5KPDwSiX1mxhZVqVxl2p1ZxvlxHsYSwpgmdxWRVhplRXCzs8nA4P4DKIdp4tokimlZy3uYffsrN2AM1XPFeDF8kjMXD5EwAiRjpj3kCp1fEv+8AFdud8bW9PvM3IzMkJnCNyA2wzGRyhuVw== ansible-user\n\npackages:\n  - xe-guest-utilities\n",
            "cloud_network_config": "network:\n  version: 1\n  config:\n    - type: physical\n      name: eth0\n      subnets:\n        - type: static\n          address: 10.0.20.6/24\n          gateway: 10.0.20.1\n          dns_nameservers:\n            - 10.0.20.1\n            - 8.8.8.8\n            - 8.8.4.4\n          dns_search:\n            - dylanlab.xyz\n\n",
            "core_os": false,
            "cpu_cap": 0,
            "cpu_weight": 0,
            "cpus": 2,
            "disk": [
              {
                "attached": true,
                "name_description": "",
                "name_label": "ns2.dylanlab.xyz",
                "position": "0",
                "size": 50214207488,
                "sr_id": "e5ded8fd-b11a-7554-5983-5dcb1442a07d",
                "vbd_id": "f0607da2-0985-98eb-baaa-6cc83441fe4f",
                "vdi_id": "c9e4db47-86dc-42bd-aac3-cc8b56f4e970"
              }
            ],
            "high_availability": "",
            "id": "94e81abe-e61c-3f72-429a-a81789d071fb",
            "installation_method": null,
            "ipv4_addresses": [],
            "ipv6_addresses": [],
            "memory_max": 4294967296,
            "name_description": "",
            "name_label": "ns2.dylanlab.xyz",
            "network": [
              {
                "attached": true,
                "device": "0",
                "ipv4_addresses": [],
                "ipv6_addresses": [],
                "mac_address": "4a:9b:53:46:db:38",
                "network_id": "a19bfa38-95df-4e30-5d06-76877f0bb3d2"
              }
            ],
            "power_state": "Running",
            "resource_set": "",
            "tags": null,
            "template": "ec359a2f-d663-b80c-7209-908d3c0ea0f6",
            "timeouts": null,
            "wait_for_ip": false
          },
          "sensitive_attributes": [],
          "private": "eyJlMmJmYjczMC1lY2FhLTExZTYtOGY4OC0zNDM2M2JjN2M0YzAiOnsiY3JlYXRlIjozMDAwMDAwMDAwMDAsImRlbGV0ZSI6MzAwMDAwMDAwMDAwLCJ1cGRhdGUiOjMwMDAwMDAwMDAwMH19",
          "dependencies": [
            "data.xenorchestra_network.network",
            "data.xenorchestra_sr.sr",
            "data.xenorchestra_template.vm_template",
            "xenorchestra_cloud_config.cloud_config",
            "xenorchestra_cloud_config.cloud_network_config"
          ]
        }
      ]
    }
  ]
}
