{
  "version": 4,
  "terraform_version": "1.0.11",
  "serial": 105,
  "lineage": "7139d843-23e4-b485-dc5c-17fc5cbfc7e3",
  "outputs": {
    "instance_hostnames": {
      "value": [
        "us20-dns-649870fb",
        "us20-dns-c98c9d47"
      ],
      "type": [
        "tuple",
        [
          "string",
          "string"
        ]
      ]
    }
  },
  "resources": [
    {
      "mode": "data",
      "type": "xenorchestra_network",
      "name": "network",
      "provider": "provider[\"registry.terraform.io/terra-farm/xenorchestra\"]",
      "instances": [
        {
          "schema_version": 0,
          "attributes": {
            "bridge": "xapi1",
            "id": "a19bfa38-95df-4e30-5d06-76877f0bb3d2",
            "name_label": "50 - ShopNet",
            "pool_id": "ba902d91-787b-ee8b-cc59-a9469c85020e"
          },
          "sensitive_attributes": []
        }
      ]
    },
    {
      "mode": "data",
      "type": "xenorchestra_pool",
      "name": "pool",
      "provider": "provider[\"registry.terraform.io/terra-farm/xenorchestra\"]",
      "instances": [
        {
          "schema_version": 0,
          "attributes": {
            "cpus": {
              "cores": "24",
              "sockets": "2"
            },
            "description": "",
            "id": "ba902d91-787b-ee8b-cc59-a9469c85020e",
            "master": "136f9c9d-01ef-4351-8920-ab542eff785d",
            "name_label": "xcp-ng-01"
          },
          "sensitive_attributes": []
        }
      ]
    },
    {
      "mode": "data",
      "type": "xenorchestra_sr",
      "name": "sr",
      "provider": "provider[\"registry.terraform.io/terra-farm/xenorchestra\"]",
      "instances": [
        {
          "schema_version": 0,
          "attributes": {
            "container": "136f9c9d-01ef-4351-8920-ab542eff785d",
            "id": "e5ded8fd-b11a-7554-5983-5dcb1442a07d",
            "name_label": "Local storage",
            "physical_usage": 755339624448,
            "pool_id": "ba902d91-787b-ee8b-cc59-a9469c85020e",
            "size": 955076575232,
            "sr_type": "lvm",
            "tags": null,
            "usage": 790347382784,
            "uuid": "e5ded8fd-b11a-7554-5983-5dcb1442a07d"
          },
          "sensitive_attributes": []
        }
      ]
    },
    {
      "mode": "data",
      "type": "xenorchestra_template",
      "name": "vm_template",
      "provider": "provider[\"registry.terraform.io/terra-farm/xenorchestra\"]",
      "instances": [
        {
          "schema_version": 0,
          "attributes": {
            "id": "ec359a2f-d663-b80c-7209-908d3c0ea0f6",
            "name_label": "ubuntu-focal-20.04-cloudimg-20211202",
            "pool_id": null,
            "uuid": "ec359a2f-d663-b80c-7209-908d3c0ea0f6"
          },
          "sensitive_attributes": []
        }
      ]
    },
    {
      "mode": "managed",
      "type": "random_id",
      "name": "vm_id",
      "provider": "provider[\"registry.terraform.io/hashicorp/random\"]",
      "instances": [
        {
          "index_key": 0,
          "schema_version": 0,
          "attributes": {
            "b64_std": "ZJhw+w==",
            "b64_url": "ZJhw-w",
            "byte_length": 4,
            "dec": "1687711995",
            "hex": "649870fb",
            "id": "ZJhw-w",
            "keepers": null,
            "prefix": null
          },
          "sensitive_attributes": [],
          "private": "bnVsbA=="
        },
        {
          "index_key": 1,
          "schema_version": 0,
          "attributes": {
            "b64_std": "yYydRw==",
            "b64_url": "yYydRw",
            "byte_length": 4,
            "dec": "3381435719",
            "hex": "c98c9d47",
            "id": "yYydRw",
            "keepers": null,
            "prefix": null
          },
          "sensitive_attributes": [],
          "private": "bnVsbA=="
        }
      ]
    },
    {
      "mode": "managed",
      "type": "xenorchestra_cloud_config",
      "name": "dns_config",
      "provider": "provider[\"registry.terraform.io/terra-farm/xenorchestra\"]",
      "instances": [
        {
          "index_key": 0,
          "schema_version": 0,
          "attributes": {
            "id": "98e5b2d7-faa6-4c34-97ea-56b85761aa18",
            "name": "DNS Cloud Config",
            "template": "#cloud-config\r\nhostname: us20-dns-649870fb.dylanlab.xyz\r\nusers:\r\n  - name: dylan\r\n    gecos: dylan\r\n    shell: /bin/bash\r\n    sudo: ALL=(ALL) NOPASSWD:ALL\r\n    ssh_authorized_keys:\r\n      - ssh-rsa AAAAB3NzaC1yc2EAAAABJQAAAQEAjRyCiSlLDZZNhJMsXKm9A7nJEizqKoQQbuGxmEiVC/r4cHOr3HQ93ZOi0BcWNXEMk6Yyu8mDXgU5g1n3nxhV2hNYy+nToOZ5IcZFgwMnQC1p1wwZvCgm2c7cfouNzzXaWDTFFY2/hxyXnqLkkYUrqOH4ioF4Huc1lVMNmcLa5OQx7AjtrZGcP2+6bejJ8mICI/M8E/PVVbRQGpbDnBvz6hliTIVn/HSCVTdmp17xkh7SG5HkQNexkt4yoxn2kPaqX8+gJBrikuznssx7vbHu+KIUM07qCcd4i1a3RHnWCKyKPxp77SNIdJady/dHw/1LDq5iklv31++g0liqedvM+Q== dylanlab-default\r\n  - name: ansible\r\n    gecos: ansible\r\n    shell: /bin/bash\r\n    sudo: ALL=(ALL) NOPASSWD:ALL\r\n    ssh_authorized_keys:\r\n      - ssh-rsa AAAAB3NzaC1yc2EAAAABJQAAAQEAjz9uz2IbadktoZ2y/ICGxWivendwLHHw3xS+24PUYPxlvdvKlJmTt4IWsTVsrt8y0Ne662MZwVnVxXaRZbT4K6Hwsl0qWQiJce2Zr6tnD3ydD76mECs8LQOhDhyS7d7kFtrSb9HbHClZEpVADN17D2jTMux271KjlmkUIhaEQzIJ97ONRhBGP/bSNySw+ybZM8wvLEf5KPDwSiX1mxhZVqVxl2p1ZxvlxHsYSwpgmdxWRVhplRXCzs8nA4P4DKIdp4tokimlZy3uYffsrN2AM1XPFeDF8kjMXD5EwAiRjpj3kCp1fEv+8AFdud8bW9PvM3IzMkJnCNyA2wzGRyhuVw== ansible-user\r\npackages:\r\n  - xe-guest-utilities\r\n\r\n"
          },
          "sensitive_attributes": [],
          "private": "bnVsbA==",
          "dependencies": [
            "random_id.vm_id"
          ]
        },
        {
          "index_key": 1,
          "schema_version": 0,
          "attributes": {
            "id": "9caa7db2-fdbb-4a3c-b6d3-3f6d63b4f127",
            "name": "DNS Cloud Config",
            "template": "#cloud-config\r\nhostname: us20-dns-c98c9d47.dylanlab.xyz\r\nusers:\r\n  - name: dylan\r\n    gecos: dylan\r\n    shell: /bin/bash\r\n    sudo: ALL=(ALL) NOPASSWD:ALL\r\n    ssh_authorized_keys:\r\n      - ssh-rsa AAAAB3NzaC1yc2EAAAABJQAAAQEAjRyCiSlLDZZNhJMsXKm9A7nJEizqKoQQbuGxmEiVC/r4cHOr3HQ93ZOi0BcWNXEMk6Yyu8mDXgU5g1n3nxhV2hNYy+nToOZ5IcZFgwMnQC1p1wwZvCgm2c7cfouNzzXaWDTFFY2/hxyXnqLkkYUrqOH4ioF4Huc1lVMNmcLa5OQx7AjtrZGcP2+6bejJ8mICI/M8E/PVVbRQGpbDnBvz6hliTIVn/HSCVTdmp17xkh7SG5HkQNexkt4yoxn2kPaqX8+gJBrikuznssx7vbHu+KIUM07qCcd4i1a3RHnWCKyKPxp77SNIdJady/dHw/1LDq5iklv31++g0liqedvM+Q== dylanlab-default\r\n  - name: ansible\r\n    gecos: ansible\r\n    shell: /bin/bash\r\n    sudo: ALL=(ALL) NOPASSWD:ALL\r\n    ssh_authorized_keys:\r\n      - ssh-rsa AAAAB3NzaC1yc2EAAAABJQAAAQEAjz9uz2IbadktoZ2y/ICGxWivendwLHHw3xS+24PUYPxlvdvKlJmTt4IWsTVsrt8y0Ne662MZwVnVxXaRZbT4K6Hwsl0qWQiJce2Zr6tnD3ydD76mECs8LQOhDhyS7d7kFtrSb9HbHClZEpVADN17D2jTMux271KjlmkUIhaEQzIJ97ONRhBGP/bSNySw+ybZM8wvLEf5KPDwSiX1mxhZVqVxl2p1ZxvlxHsYSwpgmdxWRVhplRXCzs8nA4P4DKIdp4tokimlZy3uYffsrN2AM1XPFeDF8kjMXD5EwAiRjpj3kCp1fEv+8AFdud8bW9PvM3IzMkJnCNyA2wzGRyhuVw== ansible-user\r\npackages:\r\n  - xe-guest-utilities\r\n\r\n"
          },
          "sensitive_attributes": [],
          "private": "bnVsbA==",
          "dependencies": [
            "random_id.vm_id"
          ]
        }
      ]
    },
    {
      "mode": "managed",
      "type": "xenorchestra_vm",
      "name": "server",
      "provider": "provider[\"registry.terraform.io/terra-farm/xenorchestra\"]",
      "instances": [
        {
          "index_key": 0,
          "schema_version": 0,
          "attributes": {
            "affinity_host": "",
            "auto_poweron": false,
            "cdrom": [],
            "cloud_config": "#cloud-config\r\nhostname: us20-dns-649870fb.dylanlab.xyz\r\nusers:\r\n  - name: dylan\r\n    gecos: dylan\r\n    shell: /bin/bash\r\n    sudo: ALL=(ALL) NOPASSWD:ALL\r\n    ssh_authorized_keys:\r\n      - ssh-rsa AAAAB3NzaC1yc2EAAAABJQAAAQEAjRyCiSlLDZZNhJMsXKm9A7nJEizqKoQQbuGxmEiVC/r4cHOr3HQ93ZOi0BcWNXEMk6Yyu8mDXgU5g1n3nxhV2hNYy+nToOZ5IcZFgwMnQC1p1wwZvCgm2c7cfouNzzXaWDTFFY2/hxyXnqLkkYUrqOH4ioF4Huc1lVMNmcLa5OQx7AjtrZGcP2+6bejJ8mICI/M8E/PVVbRQGpbDnBvz6hliTIVn/HSCVTdmp17xkh7SG5HkQNexkt4yoxn2kPaqX8+gJBrikuznssx7vbHu+KIUM07qCcd4i1a3RHnWCKyKPxp77SNIdJady/dHw/1LDq5iklv31++g0liqedvM+Q== dylanlab-default\r\n  - name: ansible\r\n    gecos: ansible\r\n    shell: /bin/bash\r\n    sudo: ALL=(ALL) NOPASSWD:ALL\r\n    ssh_authorized_keys:\r\n      - ssh-rsa AAAAB3NzaC1yc2EAAAABJQAAAQEAjz9uz2IbadktoZ2y/ICGxWivendwLHHw3xS+24PUYPxlvdvKlJmTt4IWsTVsrt8y0Ne662MZwVnVxXaRZbT4K6Hwsl0qWQiJce2Zr6tnD3ydD76mECs8LQOhDhyS7d7kFtrSb9HbHClZEpVADN17D2jTMux271KjlmkUIhaEQzIJ97ONRhBGP/bSNySw+ybZM8wvLEf5KPDwSiX1mxhZVqVxl2p1ZxvlxHsYSwpgmdxWRVhplRXCzs8nA4P4DKIdp4tokimlZy3uYffsrN2AM1XPFeDF8kjMXD5EwAiRjpj3kCp1fEv+8AFdud8bW9PvM3IzMkJnCNyA2wzGRyhuVw== ansible-user\r\npackages:\r\n  - xe-guest-utilities\r\n\r\n",
            "cloud_network_config": null,
            "core_os": false,
            "cpu_cap": 0,
            "cpu_weight": 0,
            "cpus": 2,
            "disk": [
              {
                "attached": true,
                "name_description": "",
                "name_label": "us20-dns-649870fb",
                "position": "0",
                "size": 50214207488,
                "sr_id": "e5ded8fd-b11a-7554-5983-5dcb1442a07d",
                "vbd_id": "6b5e6c52-63ce-778b-2d0a-0d297a8387cd",
                "vdi_id": "f6335acf-532b-424b-881d-08343423ca7e"
              }
            ],
            "high_availability": "",
            "id": "cdd5560b-c683-a088-bb35-d3a61c83546c",
            "installation_method": null,
            "ipv4_addresses": [],
            "ipv6_addresses": [],
            "memory_max": 4294967296,
            "name_description": "",
            "name_label": "us20-dns-649870fb",
            "network": [
              {
                "attached": true,
                "device": "0",
                "ipv4_addresses": [],
                "ipv6_addresses": [],
                "mac_address": "ee:0c:05:23:ae:af",
                "network_id": "a19bfa38-95df-4e30-5d06-76877f0bb3d2"
              }
            ],
            "power_state": "Running",
            "resource_set": "",
            "tags": null,
            "template": "ec359a2f-d663-b80c-7209-908d3c0ea0f6",
            "timeouts": null,
            "wait_for_ip": false
          },
          "sensitive_attributes": [],
          "private": "eyJlMmJmYjczMC1lY2FhLTExZTYtOGY4OC0zNDM2M2JjN2M0YzAiOnsiY3JlYXRlIjozMDAwMDAwMDAwMDAsImRlbGV0ZSI6MzAwMDAwMDAwMDAwLCJ1cGRhdGUiOjMwMDAwMDAwMDAwMH19",
          "dependencies": [
            "data.xenorchestra_network.network",
            "data.xenorchestra_sr.sr",
            "data.xenorchestra_template.vm_template",
            "random_id.vm_id",
            "xenorchestra_cloud_config.dns_config"
          ]
        },
        {
          "index_key": 1,
          "schema_version": 0,
          "attributes": {
            "affinity_host": "",
            "auto_poweron": false,
            "cdrom": [],
            "cloud_config": "#cloud-config\r\nhostname: us20-dns-c98c9d47.dylanlab.xyz\r\nusers:\r\n  - name: dylan\r\n    gecos: dylan\r\n    shell: /bin/bash\r\n    sudo: ALL=(ALL) NOPASSWD:ALL\r\n    ssh_authorized_keys:\r\n      - ssh-rsa AAAAB3NzaC1yc2EAAAABJQAAAQEAjRyCiSlLDZZNhJMsXKm9A7nJEizqKoQQbuGxmEiVC/r4cHOr3HQ93ZOi0BcWNXEMk6Yyu8mDXgU5g1n3nxhV2hNYy+nToOZ5IcZFgwMnQC1p1wwZvCgm2c7cfouNzzXaWDTFFY2/hxyXnqLkkYUrqOH4ioF4Huc1lVMNmcLa5OQx7AjtrZGcP2+6bejJ8mICI/M8E/PVVbRQGpbDnBvz6hliTIVn/HSCVTdmp17xkh7SG5HkQNexkt4yoxn2kPaqX8+gJBrikuznssx7vbHu+KIUM07qCcd4i1a3RHnWCKyKPxp77SNIdJady/dHw/1LDq5iklv31++g0liqedvM+Q== dylanlab-default\r\n  - name: ansible\r\n    gecos: ansible\r\n    shell: /bin/bash\r\n    sudo: ALL=(ALL) NOPASSWD:ALL\r\n    ssh_authorized_keys:\r\n      - ssh-rsa AAAAB3NzaC1yc2EAAAABJQAAAQEAjz9uz2IbadktoZ2y/ICGxWivendwLHHw3xS+24PUYPxlvdvKlJmTt4IWsTVsrt8y0Ne662MZwVnVxXaRZbT4K6Hwsl0qWQiJce2Zr6tnD3ydD76mECs8LQOhDhyS7d7kFtrSb9HbHClZEpVADN17D2jTMux271KjlmkUIhaEQzIJ97ONRhBGP/bSNySw+ybZM8wvLEf5KPDwSiX1mxhZVqVxl2p1ZxvlxHsYSwpgmdxWRVhplRXCzs8nA4P4DKIdp4tokimlZy3uYffsrN2AM1XPFeDF8kjMXD5EwAiRjpj3kCp1fEv+8AFdud8bW9PvM3IzMkJnCNyA2wzGRyhuVw== ansible-user\r\npackages:\r\n  - xe-guest-utilities\r\n\r\n",
            "cloud_network_config": null,
            "core_os": false,
            "cpu_cap": 0,
            "cpu_weight": 0,
            "cpus": 2,
            "disk": [
              {
                "attached": true,
                "name_description": "",
                "name_label": "us20-dns-c98c9d47",
                "position": "0",
                "size": 50214207488,
                "sr_id": "e5ded8fd-b11a-7554-5983-5dcb1442a07d",
                "vbd_id": "e00af820-dd27-7374-89ec-c9b5c727cfe3",
                "vdi_id": "c893c33c-6301-4bf5-8335-579e8235dbd4"
              }
            ],
            "high_availability": "",
            "id": "11e2f81c-111e-c627-985d-208a6d5057e4",
            "installation_method": null,
            "ipv4_addresses": [],
            "ipv6_addresses": [],
            "memory_max": 4294967296,
            "name_description": "",
            "name_label": "us20-dns-c98c9d47",
            "network": [
              {
                "attached": true,
                "device": "0",
                "ipv4_addresses": [],
                "ipv6_addresses": [],
                "mac_address": "aa:eb:69:97:4d:27",
                "network_id": "a19bfa38-95df-4e30-5d06-76877f0bb3d2"
              }
            ],
            "power_state": "Running",
            "resource_set": "",
            "tags": null,
            "template": "ec359a2f-d663-b80c-7209-908d3c0ea0f6",
            "timeouts": null,
            "wait_for_ip": false
          },
          "sensitive_attributes": [],
          "private": "eyJlMmJmYjczMC1lY2FhLTExZTYtOGY4OC0zNDM2M2JjN2M0YzAiOnsiY3JlYXRlIjozMDAwMDAwMDAwMDAsImRlbGV0ZSI6MzAwMDAwMDAwMDAwLCJ1cGRhdGUiOjMwMDAwMDAwMDAwMH19",
          "dependencies": [
            "data.xenorchestra_network.network",
            "data.xenorchestra_sr.sr",
            "data.xenorchestra_template.vm_template",
            "random_id.vm_id",
            "xenorchestra_cloud_config.dns_config"
          ]
        }
      ]
    }
  ]
}
